
Microsoft Visual Studio Solution File, Format Version 12.00
# Visual Studio Version 16
VisualStudioVersion = 16.0.31424.327
MinimumVisualStudioVersion = 10.0.40219.1
Project("{FAE04EC0-301F-11D3-BF4B-00C04F79EFBC}") = "VideoKlub", "VideoKlub\VideoKlub.csproj", "{B861E74F-131D-4F25-89D0-786DCBEB1FE8}"
EndProject
Global
	GlobalSection(SolutionConfigurationPlatforms) = preSolution
		Debug|Any CPU = Debug|Any CPU
		Release|Any CPU = Release|Any CPU
	EndGlobalSection
	GlobalSection(ProjectConfigurationPlatforms) = postSolution
		{B861E74F-131D-4F25-89D0-786DCBEB1FE8}.Debug|Any CPU.ActiveCfg = Debug|Any CPU
		{B861E74F-131D-4F25-89D0-786DCBEB1FE8}.Debug|Any CPU.Build.0 = Debug|Any CPU
		{B861E74F-131D-4F25-89D0-786DCBEB1FE8}.Release|Any CPU.ActiveCfg = Release|Any CPU
		{B861E74F-131D-4F25-89D0-786DCBEB1FE8}.Release|Any CPU.Build.0 = Release|Any CPU
	EndGlobalSection
	GlobalSection(SolutionProperties) = preSolution
		HideSolutionNode = FALSE
	EndGlobalSection
	GlobalSection(ExtensibilityGlobals) = postSolution
		SolutionGuid = {F499F6A5-F6B6-4F18-822C-8F5FD6B1D81E}
	EndGlobalSection
EndGlobal
